// !$*UTF8*$!
{
	archiveVersion = 1;
	classes = {
	};
	objectVersion = 55;
	objects = {

/* Begin PBXBuildFile section */
		042C4AEC28B0A65A00DF8337 /* FiltersViewModel.swift in Sources */ = {isa = PBXBuildFile; fileRef = 042C4AEB28B0A65A00DF8337 /* FiltersViewModel.swift */; };
		042C4AEF28B0AD4B00DF8337 /* MapKitExtensions.swift in Sources */ = {isa = PBXBuildFile; fileRef = 042C4AEE28B0AD4B00DF8337 /* MapKitExtensions.swift */; };
		0443710E28AFC6120060C4FC /* AppDelegate.swift in Sources */ = {isa = PBXBuildFile; fileRef = 0443710D28AFC6120060C4FC /* AppDelegate.swift */; };
		0443711028AFC6120060C4FC /* SceneDelegate.swift in Sources */ = {isa = PBXBuildFile; fileRef = 0443710F28AFC6120060C4FC /* SceneDelegate.swift */; };
		0443711228AFC6120060C4FC /* ViewController.swift in Sources */ = {isa = PBXBuildFile; fileRef = 0443711128AFC6120060C4FC /* ViewController.swift */; };
		0443711528AFC6120060C4FC /* Main.storyboard in Resources */ = {isa = PBXBuildFile; fileRef = 0443711328AFC6120060C4FC /* Main.storyboard */; };
		0443711728AFC6130060C4FC /* Assets.xcassets in Resources */ = {isa = PBXBuildFile; fileRef = 0443711628AFC6130060C4FC /* Assets.xcassets */; };
		0443711A28AFC6130060C4FC /* LaunchScreen.storyboard in Resources */ = {isa = PBXBuildFile; fileRef = 0443711828AFC6130060C4FC /* LaunchScreen.storyboard */; };
		0443712528AFC6130060C4FC /* GovHackTests.swift in Sources */ = {isa = PBXBuildFile; fileRef = 0443712428AFC6130060C4FC /* GovHackTests.swift */; };
		0443712F28AFC6130060C4FC /* GovHackUITests.swift in Sources */ = {isa = PBXBuildFile; fileRef = 0443712E28AFC6130060C4FC /* GovHackUITests.swift */; };
		0443713128AFC6130060C4FC /* GovHackUITestsLaunchTests.swift in Sources */ = {isa = PBXBuildFile; fileRef = 0443713028AFC6130060C4FC /* GovHackUITestsLaunchTests.swift */; };
		0443714128B076890060C4FC /* NormalMapView.swift in Sources */ = {isa = PBXBuildFile; fileRef = 0443714028B076890060C4FC /* NormalMapView.swift */; };
		0443714328B0781F0060C4FC /* MapLocation.swift in Sources */ = {isa = PBXBuildFile; fileRef = 0443714228B0781F0060C4FC /* MapLocation.swift */; };
		0443714528B078400060C4FC /* MapCoordinator.swift in Sources */ = {isa = PBXBuildFile; fileRef = 0443714428B078400060C4FC /* MapCoordinator.swift */; };
		0443714728B0940B0060C4FC /* MapPin.swift in Sources */ = {isa = PBXBuildFile; fileRef = 0443714628B0940B0060C4FC /* MapPin.swift */; };
		0443714A28B095CA0060C4FC /* API.swift in Sources */ = {isa = PBXBuildFile; fileRef = 0443714928B095CA0060C4FC /* API.swift */; };
		0443714C28B097590060C4FC /* Requests.swift in Sources */ = {isa = PBXBuildFile; fileRef = 0443714B28B097590060C4FC /* Requests.swift */; };
		0443714E28B097A90060C4FC /* PropertyModel.swift in Sources */ = {isa = PBXBuildFile; fileRef = 0443714D28B097A90060C4FC /* PropertyModel.swift */; };
		0443715028B098910060C4FC /* SearchRequestModel.swift in Sources */ = {isa = PBXBuildFile; fileRef = 0443714F28B098910060C4FC /* SearchRequestModel.swift */; };
		0443715228B099880060C4FC /* BookRequestModel.swift in Sources */ = {isa = PBXBuildFile; fileRef = 0443715128B099880060C4FC /* BookRequestModel.swift */; };
		7000533A28B071D000DC7CDA /* RootView.swift in Sources */ = {isa = PBXBuildFile; fileRef = 7000533928B071D000DC7CDA /* RootView.swift */; };
		7000533D28B073B500DC7CDA /* ExploreView.swift in Sources */ = {isa = PBXBuildFile; fileRef = 7000533C28B073B500DC7CDA /* ExploreView.swift */; };
		7000534128B0784400DC7CDA /* ProfileView.swift in Sources */ = {isa = PBXBuildFile; fileRef = 7000533E28B0784400DC7CDA /* ProfileView.swift */; };
		7000534228B0784400DC7CDA /* MoreView.swift in Sources */ = {isa = PBXBuildFile; fileRef = 7000533F28B0784400DC7CDA /* MoreView.swift */; };
		7000534328B0784400DC7CDA /* BookingsView.swift in Sources */ = {isa = PBXBuildFile; fileRef = 7000534028B0784400DC7CDA /* BookingsView.swift */; };
		7000534528B078FC00DC7CDA /* MessagesView.swift in Sources */ = {isa = PBXBuildFile; fileRef = 7000534428B078FC00DC7CDA /* MessagesView.swift */; };
		7000534828B07A3400DC7CDA /* FeaturedListingView.swift in Sources */ = {isa = PBXBuildFile; fileRef = 7000534728B07A3400DC7CDA /* FeaturedListingView.swift */; };
		7000534B28B09B5E00DC7CDA /* SearchResultsView.swift in Sources */ = {isa = PBXBuildFile; fileRef = 7000534A28B09B5E00DC7CDA /* SearchResultsView.swift */; };
		7000534D28B09B6700DC7CDA /* FiltersView.swift in Sources */ = {isa = PBXBuildFile; fileRef = 7000534C28B09B6700DC7CDA /* FiltersView.swift */; };
		7000534F28B0A60C00DC7CDA /* ResultsView.swift in Sources */ = {isa = PBXBuildFile; fileRef = 7000534E28B0A60C00DC7CDA /* ResultsView.swift */; };
		7000535128B0A6ED00DC7CDA /* Mocks.swift in Sources */ = {isa = PBXBuildFile; fileRef = 7000535028B0A6ED00DC7CDA /* Mocks.swift */; };
		7000535428B0AB9B00DC7CDA /* ListingView.swift in Sources */ = {isa = PBXBuildFile; fileRef = 7000535228B0AA6A00DC7CDA /* ListingView.swift */; };
		7000535628B0AD6800DC7CDA /* PropertyExtensions.swift in Sources */ = {isa = PBXBuildFile; fileRef = 7000535528B0AD6800DC7CDA /* PropertyExtensions.swift */; };
/* End PBXBuildFile section */

/* Begin PBXContainerItemProxy section */
		0443712128AFC6130060C4FC /* PBXContainerItemProxy */ = {
			isa = PBXContainerItemProxy;
			containerPortal = 0443710228AFC6120060C4FC /* Project object */;
			proxyType = 1;
			remoteGlobalIDString = 0443710928AFC6120060C4FC;
			remoteInfo = GovHack;
		};
		0443712B28AFC6130060C4FC /* PBXContainerItemProxy */ = {
			isa = PBXContainerItemProxy;
			containerPortal = 0443710228AFC6120060C4FC /* Project object */;
			proxyType = 1;
			remoteGlobalIDString = 0443710928AFC6120060C4FC;
			remoteInfo = GovHack;
		};
/* End PBXContainerItemProxy section */

/* Begin PBXFileReference section */
		0443710A28AFC6120060C4FC /* GovSmack.app */ = {isa = PBXFileReference; explicitFileType = wrapper.application; includeInIndex = 0; path = GovSmack.app; sourceTree = BUILT_PRODUCTS_DIR; };
		042C4AEB28B0A65A00DF8337 /* FiltersViewModel.swift */ = {isa = PBXFileReference; lastKnownFileType = sourcecode.swift; path = FiltersViewModel.swift; sourceTree = "<group>"; };
		042C4AEE28B0AD4B00DF8337 /* MapKitExtensions.swift */ = {isa = PBXFileReference; lastKnownFileType = sourcecode.swift; path = MapKitExtensions.swift; sourceTree = "<group>"; };
		0443710D28AFC6120060C4FC /* AppDelegate.swift */ = {isa = PBXFileReference; lastKnownFileType = sourcecode.swift; path = AppDelegate.swift; sourceTree = "<group>"; };
		0443710F28AFC6120060C4FC /* SceneDelegate.swift */ = {isa = PBXFileReference; lastKnownFileType = sourcecode.swift; path = SceneDelegate.swift; sourceTree = "<group>"; };
		0443711128AFC6120060C4FC /* ViewController.swift */ = {isa = PBXFileReference; lastKnownFileType = sourcecode.swift; path = ViewController.swift; sourceTree = "<group>"; };
		0443711428AFC6120060C4FC /* Base */ = {isa = PBXFileReference; lastKnownFileType = file.storyboard; name = Base; path = Base.lproj/Main.storyboard; sourceTree = "<group>"; };
		0443711628AFC6130060C4FC /* Assets.xcassets */ = {isa = PBXFileReference; lastKnownFileType = folder.assetcatalog; path = Assets.xcassets; sourceTree = "<group>"; };
		0443711928AFC6130060C4FC /* Base */ = {isa = PBXFileReference; lastKnownFileType = file.storyboard; name = Base; path = Base.lproj/LaunchScreen.storyboard; sourceTree = "<group>"; };
		0443711B28AFC6130060C4FC /* Info.plist */ = {isa = PBXFileReference; lastKnownFileType = text.plist.xml; path = Info.plist; sourceTree = "<group>"; };
		0443712028AFC6130060C4FC /* GovHackGovSmacks.xctest */ = {isa = PBXFileReference; explicitFileType = wrapper.cfbundle; includeInIndex = 0; path = GovHackGovSmacks.xctest; sourceTree = BUILT_PRODUCTS_DIR; };
		0443712428AFC6130060C4FC /* GovHackTests.swift */ = {isa = PBXFileReference; lastKnownFileType = sourcecode.swift; path = GovHackTests.swift; sourceTree = "<group>"; };
		0443712A28AFC6130060C4FC /* GovHackUIGovSmacks.xctest */ = {isa = PBXFileReference; explicitFileType = wrapper.cfbundle; includeInIndex = 0; path = GovHackUIGovSmacks.xctest; sourceTree = BUILT_PRODUCTS_DIR; };
		0443712E28AFC6130060C4FC /* GovHackUITests.swift */ = {isa = PBXFileReference; lastKnownFileType = sourcecode.swift; path = GovHackUITests.swift; sourceTree = "<group>"; };
		0443713028AFC6130060C4FC /* GovHackUITestsLaunchTests.swift */ = {isa = PBXFileReference; lastKnownFileType = sourcecode.swift; path = GovHackUITestsLaunchTests.swift; sourceTree = "<group>"; };
		0443714028B076890060C4FC /* NormalMapView.swift */ = {isa = PBXFileReference; lastKnownFileType = sourcecode.swift; path = NormalMapView.swift; sourceTree = "<group>"; };
		0443714228B0781F0060C4FC /* MapLocation.swift */ = {isa = PBXFileReference; lastKnownFileType = sourcecode.swift; path = MapLocation.swift; sourceTree = "<group>"; };
		0443714428B078400060C4FC /* MapCoordinator.swift */ = {isa = PBXFileReference; lastKnownFileType = sourcecode.swift; path = MapCoordinator.swift; sourceTree = "<group>"; };
		0443714628B0940B0060C4FC /* MapPin.swift */ = {isa = PBXFileReference; lastKnownFileType = sourcecode.swift; path = MapPin.swift; sourceTree = "<group>"; };
		0443714928B095CA0060C4FC /* API.swift */ = {isa = PBXFileReference; lastKnownFileType = sourcecode.swift; path = API.swift; sourceTree = "<group>"; };
		0443714B28B097590060C4FC /* Requests.swift */ = {isa = PBXFileReference; lastKnownFileType = sourcecode.swift; path = Requests.swift; sourceTree = "<group>"; };
		0443714D28B097A90060C4FC /* PropertyModel.swift */ = {isa = PBXFileReference; lastKnownFileType = sourcecode.swift; path = PropertyModel.swift; sourceTree = "<group>"; };
		0443714F28B098910060C4FC /* SearchRequestModel.swift */ = {isa = PBXFileReference; lastKnownFileType = sourcecode.swift; path = SearchRequestModel.swift; sourceTree = "<group>"; };
		0443715128B099880060C4FC /* BookRequestModel.swift */ = {isa = PBXFileReference; lastKnownFileType = sourcecode.swift; path = BookRequestModel.swift; sourceTree = "<group>"; };
		7000533928B071D000DC7CDA /* RootView.swift */ = {isa = PBXFileReference; lastKnownFileType = sourcecode.swift; path = RootView.swift; sourceTree = "<group>"; };
		7000533C28B073B500DC7CDA /* ExploreView.swift */ = {isa = PBXFileReference; lastKnownFileType = sourcecode.swift; path = ExploreView.swift; sourceTree = "<group>"; };
		7000533E28B0784400DC7CDA /* ProfileView.swift */ = {isa = PBXFileReference; fileEncoding = 4; lastKnownFileType = sourcecode.swift; path = ProfileView.swift; sourceTree = "<group>"; };
		7000533F28B0784400DC7CDA /* MoreView.swift */ = {isa = PBXFileReference; fileEncoding = 4; lastKnownFileType = sourcecode.swift; path = MoreView.swift; sourceTree = "<group>"; };
		7000534028B0784400DC7CDA /* BookingsView.swift */ = {isa = PBXFileReference; fileEncoding = 4; lastKnownFileType = sourcecode.swift; path = BookingsView.swift; sourceTree = "<group>"; };
		7000534428B078FC00DC7CDA /* MessagesView.swift */ = {isa = PBXFileReference; fileEncoding = 4; lastKnownFileType = sourcecode.swift; path = MessagesView.swift; sourceTree = "<group>"; };
		7000534728B07A3400DC7CDA /* FeaturedListingView.swift */ = {isa = PBXFileReference; lastKnownFileType = sourcecode.swift; path = FeaturedListingView.swift; sourceTree = "<group>"; };
		7000534A28B09B5E00DC7CDA /* SearchResultsView.swift */ = {isa = PBXFileReference; lastKnownFileType = sourcecode.swift; path = SearchResultsView.swift; sourceTree = "<group>"; };
		7000534C28B09B6700DC7CDA /* FiltersView.swift */ = {isa = PBXFileReference; lastKnownFileType = sourcecode.swift; path = FiltersView.swift; sourceTree = "<group>"; };
		7000534E28B0A60C00DC7CDA /* ResultsView.swift */ = {isa = PBXFileReference; lastKnownFileType = sourcecode.swift; path = ResultsView.swift; sourceTree = "<group>"; };
		7000535028B0A6ED00DC7CDA /* Mocks.swift */ = {isa = PBXFileReference; lastKnownFileType = sourcecode.swift; path = Mocks.swift; sourceTree = "<group>"; };
		7000535228B0AA6A00DC7CDA /* ListingView.swift */ = {isa = PBXFileReference; lastKnownFileType = sourcecode.swift; path = ListingView.swift; sourceTree = "<group>"; };
		7000535528B0AD6800DC7CDA /* PropertyExtensions.swift */ = {isa = PBXFileReference; lastKnownFileType = sourcecode.swift; path = PropertyExtensions.swift; sourceTree = "<group>"; };
/* End PBXFileReference section */

/* Begin PBXFrameworksBuildPhase section */
		0443710728AFC6120060C4FC /* Frameworks */ = {
			isa = PBXFrameworksBuildPhase;
			buildActionMask = 2147483647;
			files = (
			);
			runOnlyForDeploymentPostprocessing = 0;
		};
		0443711D28AFC6130060C4FC /* Frameworks */ = {
			isa = PBXFrameworksBuildPhase;
			buildActionMask = 2147483647;
			files = (
			);
			runOnlyForDeploymentPostprocessing = 0;
		};
		0443712728AFC6130060C4FC /* Frameworks */ = {
			isa = PBXFrameworksBuildPhase;
			buildActionMask = 2147483647;
			files = (
			);
			runOnlyForDeploymentPostprocessing = 0;
		};
/* End PBXFrameworksBuildPhase section */

/* Begin PBXGroup section */
		042C4AED28B0AD4200DF8337 /* Extensions */ = {
			isa = PBXGroup;
			children = (
				042C4AEE28B0AD4B00DF8337 /* MapKitExtensions.swift */,
			);
			path = Extensions;
			sourceTree = "<group>";
		};
		0443710128AFC6120060C4FC = {
			isa = PBXGroup;
			children = (
				0443710C28AFC6120060C4FC /* GovHack */,
				0443712328AFC6130060C4FC /* GovHackTests */,
				0443712D28AFC6130060C4FC /* GovHackUITests */,
				0443710B28AFC6120060C4FC /* Products */,
			);
			sourceTree = "<group>";
		};
		0443710B28AFC6120060C4FC /* Products */ = {
			isa = PBXGroup;
			children = (
				0443710A28AFC6120060C4FC /* GovSmack.app */,
				0443712028AFC6130060C4FC /* GovHackGovSmacks.xctest */,
				0443712A28AFC6130060C4FC /* GovHackUIGovSmacks.xctest */,
			);
			name = Products;
			sourceTree = "<group>";
		};
		0443710C28AFC6120060C4FC /* GovHack */ = {
			isa = PBXGroup;
			children = (
				042C4AED28B0AD4200DF8337 /* Extensions */,
				7000534628B0798000DC7CDA /* Components */,
				7000533B28B0739E00DC7CDA /* Screens */,
				0443710D28AFC6120060C4FC /* AppDelegate.swift */,
				0443710F28AFC6120060C4FC /* SceneDelegate.swift */,
				0443711128AFC6120060C4FC /* ViewController.swift */,
				0443714828B095BA0060C4FC /* API */,
				0443713D28B076510060C4FC /* MapSupport */,
				0443711328AFC6120060C4FC /* Main.storyboard */,
				0443711628AFC6130060C4FC /* Assets.xcassets */,
				0443711828AFC6130060C4FC /* LaunchScreen.storyboard */,
				0443711B28AFC6130060C4FC /* Info.plist */,
				7000535528B0AD6800DC7CDA /* PropertyExtensions.swift */,
			);
			path = GovHack;
			sourceTree = "<group>";
		};
		0443712328AFC6130060C4FC /* GovHackTests */ = {
			isa = PBXGroup;
			children = (
				0443712428AFC6130060C4FC /* GovHackTests.swift */,
			);
			path = GovHackTests;
			sourceTree = "<group>";
		};
		0443712D28AFC6130060C4FC /* GovHackUITests */ = {
			isa = PBXGroup;
			children = (
				0443712E28AFC6130060C4FC /* GovHackUITests.swift */,
				0443713028AFC6130060C4FC /* GovHackUITestsLaunchTests.swift */,
			);
			path = GovHackUITests;
			sourceTree = "<group>";
		};
		0443713D28B076510060C4FC /* MapSupport */ = {
			isa = PBXGroup;
			children = (
				0443714028B076890060C4FC /* NormalMapView.swift */,
				0443714228B0781F0060C4FC /* MapLocation.swift */,
				0443714428B078400060C4FC /* MapCoordinator.swift */,
				0443714628B0940B0060C4FC /* MapPin.swift */,
			);
			path = MapSupport;
			sourceTree = "<group>";
		};
		0443714828B095BA0060C4FC /* API */ = {
			isa = PBXGroup;
			children = (
				0443714928B095CA0060C4FC /* API.swift */,
				0443714B28B097590060C4FC /* Requests.swift */,
				0443714D28B097A90060C4FC /* PropertyModel.swift */,
				0443714F28B098910060C4FC /* SearchRequestModel.swift */,
				0443715128B099880060C4FC /* BookRequestModel.swift */,
				7000535028B0A6ED00DC7CDA /* Mocks.swift */,
			);
			path = API;
			sourceTree = "<group>";
		};
		7000533B28B0739E00DC7CDA /* Screens */ = {
			isa = PBXGroup;
			children = (
				7000534928B09A3F00DC7CDA /* Home */,
				7000534428B078FC00DC7CDA /* MessagesView.swift */,
				7000534028B0784400DC7CDA /* BookingsView.swift */,
				7000533F28B0784400DC7CDA /* MoreView.swift */,
				7000533E28B0784400DC7CDA /* ProfileView.swift */,
				7000533928B071D000DC7CDA /* RootView.swift */,
			);
			path = Screens;
			sourceTree = "<group>";
		};
		7000534628B0798000DC7CDA /* Components */ = {
			isa = PBXGroup;
			children = (
				7000534728B07A3400DC7CDA /* FeaturedListingView.swift */,
				7000535228B0AA6A00DC7CDA /* ListingView.swift */,
			);
			path = Components;
			sourceTree = "<group>";
		};
		7000534928B09A3F00DC7CDA /* Home */ = {
			isa = PBXGroup;
			children = (
				7000533C28B073B500DC7CDA /* ExploreView.swift */,
				7000534A28B09B5E00DC7CDA /* SearchResultsView.swift */,
				7000534C28B09B6700DC7CDA /* FiltersView.swift */,
				7000534E28B0A60C00DC7CDA /* ResultsView.swift */,
				042C4AEB28B0A65A00DF8337 /* FiltersViewModel.swift */,
			);
			path = Home;
			sourceTree = "<group>";
		};
/* End PBXGroup section */

/* Begin PBXNativeTarget section */
		0443710928AFC6120060C4FC /* GovSmack */ = {
			isa = PBXNativeTarget;
			buildConfigurationList = 0443713428AFC6130060C4FC /* Build configuration list for PBXNativeTarget "GovSmack" */;
			buildPhases = (
				0443710628AFC6120060C4FC /* Sources */,
				0443710728AFC6120060C4FC /* Frameworks */,
				0443710828AFC6120060C4FC /* Resources */,
			);
			buildRules = (
			);
			dependencies = (
			);
			name = GovSmack;
			productName = GovHack;
			productReference = 0443710A28AFC6120060C4FC /* GovSmack.app */;
			productType = "com.apple.product-type.application";
		};
		0443711F28AFC6130060C4FC /* GovHackGovSmacks */ = {
			isa = PBXNativeTarget;
			buildConfigurationList = 0443713728AFC6130060C4FC /* Build configuration list for PBXNativeTarget "GovHackGovSmacks" */;
			buildPhases = (
				0443711C28AFC6130060C4FC /* Sources */,
				0443711D28AFC6130060C4FC /* Frameworks */,
				0443711E28AFC6130060C4FC /* Resources */,
			);
			buildRules = (
			);
			dependencies = (
				0443712228AFC6130060C4FC /* PBXTargetDependency */,
			);
			name = GovHackGovSmacks;
			productName = GovHackTests;
			productReference = 0443712028AFC6130060C4FC /* GovHackGovSmacks.xctest */;
			productType = "com.apple.product-type.bundle.unit-test";
		};
		0443712928AFC6130060C4FC /* GovHackUIGovSmacks */ = {
			isa = PBXNativeTarget;
			buildConfigurationList = 0443713A28AFC6130060C4FC /* Build configuration list for PBXNativeTarget "GovHackUIGovSmacks" */;
			buildPhases = (
				0443712628AFC6130060C4FC /* Sources */,
				0443712728AFC6130060C4FC /* Frameworks */,
				0443712828AFC6130060C4FC /* Resources */,
			);
			buildRules = (
			);
			dependencies = (
				0443712C28AFC6130060C4FC /* PBXTargetDependency */,
			);
			name = GovHackUIGovSmacks;
			productName = GovHackUITests;
			productReference = 0443712A28AFC6130060C4FC /* GovHackUIGovSmacks.xctest */;
			productType = "com.apple.product-type.bundle.ui-testing";
		};
/* End PBXNativeTarget section */

/* Begin PBXProject section */
		0443710228AFC6120060C4FC /* Project object */ = {
			isa = PBXProject;
			attributes = {
				BuildIndependentTargetsInParallel = 1;
				LastSwiftUpdateCheck = 1340;
				LastUpgradeCheck = 1340;
				TargetAttributes = {
					0443710928AFC6120060C4FC = {
						CreatedOnToolsVersion = 13.4.1;
					};
					0443711F28AFC6130060C4FC = {
						CreatedOnToolsVersion = 13.4.1;
						TestTargetID = 0443710928AFC6120060C4FC;
					};
					0443712928AFC6130060C4FC = {
						CreatedOnToolsVersion = 13.4.1;
						TestTargetID = 0443710928AFC6120060C4FC;
					};
				};
			};
			buildConfigurationList = 0443710528AFC6120060C4FC /* Build configuration list for PBXProject "GovSmack" */;
			compatibilityVersion = "Xcode 13.0";
			developmentRegion = en;
			hasScannedForEncodings = 0;
			knownRegions = (
				en,
				Base,
			);
			mainGroup = 0443710128AFC6120060C4FC;
			productRefGroup = 0443710B28AFC6120060C4FC /* Products */;
			projectDirPath = "";
			projectRoot = "";
			targets = (
				0443710928AFC6120060C4FC /* GovSmack */,
				0443711F28AFC6130060C4FC /* GovHackGovSmacks */,
				0443712928AFC6130060C4FC /* GovHackUIGovSmacks */,
			);
		};
/* End PBXProject section */

/* Begin PBXResourcesBuildPhase section */
		0443710828AFC6120060C4FC /* Resources */ = {
			isa = PBXResourcesBuildPhase;
			buildActionMask = 2147483647;
			files = (
				0443711A28AFC6130060C4FC /* LaunchScreen.storyboard in Resources */,
				0443711728AFC6130060C4FC /* Assets.xcassets in Resources */,
				0443711528AFC6120060C4FC /* Main.storyboard in Resources */,
			);
			runOnlyForDeploymentPostprocessing = 0;
		};
		0443711E28AFC6130060C4FC /* Resources */ = {
			isa = PBXResourcesBuildPhase;
			buildActionMask = 2147483647;
			files = (
			);
			runOnlyForDeploymentPostprocessing = 0;
		};
		0443712828AFC6130060C4FC /* Resources */ = {
			isa = PBXResourcesBuildPhase;
			buildActionMask = 2147483647;
			files = (
			);
			runOnlyForDeploymentPostprocessing = 0;
		};
/* End PBXResourcesBuildPhase section */

/* Begin PBXSourcesBuildPhase section */
		0443710628AFC6120060C4FC /* Sources */ = {
			isa = PBXSourcesBuildPhase;
			buildActionMask = 2147483647;
			files = (
				7000535128B0A6ED00DC7CDA /* Mocks.swift in Sources */,
				0443714E28B097A90060C4FC /* PropertyModel.swift in Sources */,
				0443714328B0781F0060C4FC /* MapLocation.swift in Sources */,
				0443714528B078400060C4FC /* MapCoordinator.swift in Sources */,
				7000534228B0784400DC7CDA /* MoreView.swift in Sources */,
				7000533A28B071D000DC7CDA /* RootView.swift in Sources */,
				7000534F28B0A60C00DC7CDA /* ResultsView.swift in Sources */,
				0443714728B0940B0060C4FC /* MapPin.swift in Sources */,
				0443714A28B095CA0060C4FC /* API.swift in Sources */,
				0443714128B076890060C4FC /* NormalMapView.swift in Sources */,
				7000534D28B09B6700DC7CDA /* FiltersView.swift in Sources */,
				7000534528B078FC00DC7CDA /* MessagesView.swift in Sources */,
				7000534B28B09B5E00DC7CDA /* SearchResultsView.swift in Sources */,
				0443711228AFC6120060C4FC /* ViewController.swift in Sources */,
				0443715228B099880060C4FC /* BookRequestModel.swift in Sources */,
				7000533D28B073B500DC7CDA /* ExploreView.swift in Sources */,
				042C4AEC28B0A65A00DF8337 /* FiltersViewModel.swift in Sources */,
				7000534328B0784400DC7CDA /* BookingsView.swift in Sources */,
				7000535628B0AD6800DC7CDA /* PropertyExtensions.swift in Sources */,
				7000535428B0AB9B00DC7CDA /* ListingView.swift in Sources */,
				0443715028B098910060C4FC /* SearchRequestModel.swift in Sources */,
				0443714C28B097590060C4FC /* Requests.swift in Sources */,
				0443710E28AFC6120060C4FC /* AppDelegate.swift in Sources */,
				7000534128B0784400DC7CDA /* ProfileView.swift in Sources */,
				042C4AEF28B0AD4B00DF8337 /* MapKitExtensions.swift in Sources */,
				0443711028AFC6120060C4FC /* SceneDelegate.swift in Sources */,
				7000534828B07A3400DC7CDA /* FeaturedListingView.swift in Sources */,
			);
			runOnlyForDeploymentPostprocessing = 0;
		};
		0443711C28AFC6130060C4FC /* Sources */ = {
			isa = PBXSourcesBuildPhase;
			buildActionMask = 2147483647;
			files = (
				0443712528AFC6130060C4FC /* GovHackTests.swift in Sources */,
			);
			runOnlyForDeploymentPostprocessing = 0;
		};
		0443712628AFC6130060C4FC /* Sources */ = {
			isa = PBXSourcesBuildPhase;
			buildActionMask = 2147483647;
			files = (
				0443713128AFC6130060C4FC /* GovHackUITestsLaunchTests.swift in Sources */,
				0443712F28AFC6130060C4FC /* GovHackUITests.swift in Sources */,
			);
			runOnlyForDeploymentPostprocessing = 0;
		};
/* End PBXSourcesBuildPhase section */

/* Begin PBXTargetDependency section */
		0443712228AFC6130060C4FC /* PBXTargetDependency */ = {
			isa = PBXTargetDependency;
			target = 0443710928AFC6120060C4FC /* GovSmack */;
			targetProxy = 0443712128AFC6130060C4FC /* PBXContainerItemProxy */;
		};
		0443712C28AFC6130060C4FC /* PBXTargetDependency */ = {
			isa = PBXTargetDependency;
			target = 0443710928AFC6120060C4FC /* GovSmack */;
			targetProxy = 0443712B28AFC6130060C4FC /* PBXContainerItemProxy */;
		};
/* End PBXTargetDependency section */

/* Begin PBXVariantGroup section */
		0443711328AFC6120060C4FC /* Main.storyboard */ = {
			isa = PBXVariantGroup;
			children = (
				0443711428AFC6120060C4FC /* Base */,
			);
			name = Main.storyboard;
			sourceTree = "<group>";
		};
		0443711828AFC6130060C4FC /* LaunchScreen.storyboard */ = {
			isa = PBXVariantGroup;
			children = (
				0443711928AFC6130060C4FC /* Base */,
			);
			name = LaunchScreen.storyboard;
			sourceTree = "<group>";
		};
/* End PBXVariantGroup section */

/* Begin XCBuildConfiguration section */
		0443713228AFC6130060C4FC /* Debug */ = {
			isa = XCBuildConfiguration;
			buildSettings = {
				ALWAYS_SEARCH_USER_PATHS = NO;
				CLANG_ANALYZER_NONNULL = YES;
				CLANG_ANALYZER_NUMBER_OBJECT_CONVERSION = YES_AGGRESSIVE;
				CLANG_CXX_LANGUAGE_STANDARD = "gnu++17";
				CLANG_ENABLE_MODULES = YES;
				CLANG_ENABLE_OBJC_ARC = YES;
				CLANG_ENABLE_OBJC_WEAK = YES;
				CLANG_WARN_BLOCK_CAPTURE_AUTORELEASING = YES;
				CLANG_WARN_BOOL_CONVERSION = YES;
				CLANG_WARN_COMMA = YES;
				CLANG_WARN_CONSTANT_CONVERSION = YES;
				CLANG_WARN_DEPRECATED_OBJC_IMPLEMENTATIONS = YES;
				CLANG_WARN_DIRECT_OBJC_ISA_USAGE = YES_ERROR;
				CLANG_WARN_DOCUMENTATION_COMMENTS = YES;
				CLANG_WARN_EMPTY_BODY = YES;
				CLANG_WARN_ENUM_CONVERSION = YES;
				CLANG_WARN_INFINITE_RECURSION = YES;
				CLANG_WARN_INT_CONVERSION = YES;
				CLANG_WARN_NON_LITERAL_NULL_CONVERSION = YES;
				CLANG_WARN_OBJC_IMPLICIT_RETAIN_SELF = YES;
				CLANG_WARN_OBJC_LITERAL_CONVERSION = YES;
				CLANG_WARN_OBJC_ROOT_CLASS = YES_ERROR;
				CLANG_WARN_QUOTED_INCLUDE_IN_FRAMEWORK_HEADER = YES;
				CLANG_WARN_RANGE_LOOP_ANALYSIS = YES;
				CLANG_WARN_STRICT_PROTOTYPES = YES;
				CLANG_WARN_SUSPICIOUS_MOVE = YES;
				CLANG_WARN_UNGUARDED_AVAILABILITY = YES_AGGRESSIVE;
				CLANG_WARN_UNREACHABLE_CODE = YES;
				CLANG_WARN__DUPLICATE_METHOD_MATCH = YES;
				COPY_PHASE_STRIP = NO;
				DEBUG_INFORMATION_FORMAT = dwarf;
				ENABLE_STRICT_OBJC_MSGSEND = YES;
				ENABLE_TESTABILITY = YES;
				GCC_C_LANGUAGE_STANDARD = gnu11;
				GCC_DYNAMIC_NO_PIC = NO;
				GCC_NO_COMMON_BLOCKS = YES;
				GCC_OPTIMIZATION_LEVEL = 0;
				GCC_PREPROCESSOR_DEFINITIONS = (
					"DEBUG=1",
					"$(inherited)",
				);
				GCC_WARN_64_TO_32_BIT_CONVERSION = YES;
				GCC_WARN_ABOUT_RETURN_TYPE = YES_ERROR;
				GCC_WARN_UNDECLARED_SELECTOR = YES;
				GCC_WARN_UNINITIALIZED_AUTOS = YES_AGGRESSIVE;
				GCC_WARN_UNUSED_FUNCTION = YES;
				GCC_WARN_UNUSED_VARIABLE = YES;
				IPHONEOS_DEPLOYMENT_TARGET = 15.5;
				MTL_ENABLE_DEBUG_INFO = INCLUDE_SOURCE;
				MTL_FAST_MATH = YES;
				ONLY_ACTIVE_ARCH = YES;
				SDKROOT = iphoneos;
				SWIFT_ACTIVE_COMPILATION_CONDITIONS = DEBUG;
				SWIFT_OPTIMIZATION_LEVEL = "-Onone";
			};
			name = Debug;
		};
		0443713328AFC6130060C4FC /* Release */ = {
			isa = XCBuildConfiguration;
			buildSettings = {
				ALWAYS_SEARCH_USER_PATHS = NO;
				CLANG_ANALYZER_NONNULL = YES;
				CLANG_ANALYZER_NUMBER_OBJECT_CONVERSION = YES_AGGRESSIVE;
				CLANG_CXX_LANGUAGE_STANDARD = "gnu++17";
				CLANG_ENABLE_MODULES = YES;
				CLANG_ENABLE_OBJC_ARC = YES;
				CLANG_ENABLE_OBJC_WEAK = YES;
				CLANG_WARN_BLOCK_CAPTURE_AUTORELEASING = YES;
				CLANG_WARN_BOOL_CONVERSION = YES;
				CLANG_WARN_COMMA = YES;
				CLANG_WARN_CONSTANT_CONVERSION = YES;
				CLANG_WARN_DEPRECATED_OBJC_IMPLEMENTATIONS = YES;
				CLANG_WARN_DIRECT_OBJC_ISA_USAGE = YES_ERROR;
				CLANG_WARN_DOCUMENTATION_COMMENTS = YES;
				CLANG_WARN_EMPTY_BODY = YES;
				CLANG_WARN_ENUM_CONVERSION = YES;
				CLANG_WARN_INFINITE_RECURSION = YES;
				CLANG_WARN_INT_CONVERSION = YES;
				CLANG_WARN_NON_LITERAL_NULL_CONVERSION = YES;
				CLANG_WARN_OBJC_IMPLICIT_RETAIN_SELF = YES;
				CLANG_WARN_OBJC_LITERAL_CONVERSION = YES;
				CLANG_WARN_OBJC_ROOT_CLASS = YES_ERROR;
				CLANG_WARN_QUOTED_INCLUDE_IN_FRAMEWORK_HEADER = YES;
				CLANG_WARN_RANGE_LOOP_ANALYSIS = YES;
				CLANG_WARN_STRICT_PROTOTYPES = YES;
				CLANG_WARN_SUSPICIOUS_MOVE = YES;
				CLANG_WARN_UNGUARDED_AVAILABILITY = YES_AGGRESSIVE;
				CLANG_WARN_UNREACHABLE_CODE = YES;
				CLANG_WARN__DUPLICATE_METHOD_MATCH = YES;
				COPY_PHASE_STRIP = NO;
				DEBUG_INFORMATION_FORMAT = "dwarf-with-dsym";
				ENABLE_NS_ASSERTIONS = NO;
				ENABLE_STRICT_OBJC_MSGSEND = YES;
				GCC_C_LANGUAGE_STANDARD = gnu11;
				GCC_NO_COMMON_BLOCKS = YES;
				GCC_WARN_64_TO_32_BIT_CONVERSION = YES;
				GCC_WARN_ABOUT_RETURN_TYPE = YES_ERROR;
				GCC_WARN_UNDECLARED_SELECTOR = YES;
				GCC_WARN_UNINITIALIZED_AUTOS = YES_AGGRESSIVE;
				GCC_WARN_UNUSED_FUNCTION = YES;
				GCC_WARN_UNUSED_VARIABLE = YES;
				IPHONEOS_DEPLOYMENT_TARGET = 15.5;
				MTL_ENABLE_DEBUG_INFO = NO;
				MTL_FAST_MATH = YES;
				SDKROOT = iphoneos;
				SWIFT_COMPILATION_MODE = wholemodule;
				SWIFT_OPTIMIZATION_LEVEL = "-O";
				VALIDATE_PRODUCT = YES;
			};
			name = Release;
		};
		0443713528AFC6130060C4FC /* Debug */ = {
			isa = XCBuildConfiguration;
			buildSettings = {
				ASSETCATALOG_COMPILER_APPICON_NAME = AppIcon;
				ASSETCATALOG_COMPILER_GLOBAL_ACCENT_COLOR_NAME = AccentColor;
				CODE_SIGN_STYLE = Automatic;
				CURRENT_PROJECT_VERSION = 1;
				DEVELOPMENT_TEAM = 27H9RDP2HW;
				GENERATE_INFOPLIST_FILE = YES;
				INFOPLIST_FILE = GovHack/Info.plist;
				INFOPLIST_KEY_UIApplicationSupportsIndirectInputEvents = YES;
				INFOPLIST_KEY_UILaunchStoryboardName = LaunchScreen;
				INFOPLIST_KEY_UIMainStoryboardFile = Main;
				INFOPLIST_KEY_UISupportedInterfaceOrientations_iPad = "UIInterfaceOrientationPortrait UIInterfaceOrientationPortraitUpsideDown UIInterfaceOrientationLandscapeLeft UIInterfaceOrientationLandscapeRight";
				INFOPLIST_KEY_UISupportedInterfaceOrientations_iPhone = "UIInterfaceOrientationPortrait UIInterfaceOrientationLandscapeLeft UIInterfaceOrientationLandscapeRight";
				IPHONEOS_DEPLOYMENT_TARGET = 15.0;
				LD_RUNPATH_SEARCH_PATHS = (
					"$(inherited)",
					"@executable_path/Frameworks",
				);
				MARKETING_VERSION = 1.0;
				PRODUCT_BUNDLE_IDENTIFIER = com.somethingrandom.GovHack;
				PRODUCT_NAME = "$(TARGET_NAME)";
				SWIFT_EMIT_LOC_STRINGS = YES;
				SWIFT_VERSION = 5.0;
				TARGETED_DEVICE_FAMILY = 1;
			};
			name = Debug;
		};
		0443713628AFC6130060C4FC /* Release */ = {
			isa = XCBuildConfiguration;
			buildSettings = {
				ASSETCATALOG_COMPILER_APPICON_NAME = AppIcon;
				ASSETCATALOG_COMPILER_GLOBAL_ACCENT_COLOR_NAME = AccentColor;
				CODE_SIGN_STYLE = Automatic;
				CURRENT_PROJECT_VERSION = 1;
				DEVELOPMENT_TEAM = 27H9RDP2HW;
				GENERATE_INFOPLIST_FILE = YES;
				INFOPLIST_FILE = GovHack/Info.plist;
				INFOPLIST_KEY_UIApplicationSupportsIndirectInputEvents = YES;
				INFOPLIST_KEY_UILaunchStoryboardName = LaunchScreen;
				INFOPLIST_KEY_UIMainStoryboardFile = Main;
				INFOPLIST_KEY_UISupportedInterfaceOrientations_iPad = "UIInterfaceOrientationPortrait UIInterfaceOrientationPortraitUpsideDown UIInterfaceOrientationLandscapeLeft UIInterfaceOrientationLandscapeRight";
				INFOPLIST_KEY_UISupportedInterfaceOrientations_iPhone = "UIInterfaceOrientationPortrait UIInterfaceOrientationLandscapeLeft UIInterfaceOrientationLandscapeRight";
				IPHONEOS_DEPLOYMENT_TARGET = 15.0;
				LD_RUNPATH_SEARCH_PATHS = (
					"$(inherited)",
					"@executable_path/Frameworks",
				);
				MARKETING_VERSION = 1.0;
				PRODUCT_BUNDLE_IDENTIFIER = com.somethingrandom.GovHack;
				PRODUCT_NAME = "$(TARGET_NAME)";
				SWIFT_EMIT_LOC_STRINGS = YES;
				SWIFT_VERSION = 5.0;
				TARGETED_DEVICE_FAMILY = 1;
			};
			name = Release;
		};
		0443713828AFC6130060C4FC /* Debug */ = {
			isa = XCBuildConfiguration;
			buildSettings = {
				ALWAYS_EMBED_SWIFT_STANDARD_LIBRARIES = YES;
				BUNDLE_LOADER = "$(TEST_HOST)";
				CODE_SIGN_STYLE = Automatic;
				CURRENT_PROJECT_VERSION = 1;
				DEVELOPMENT_TEAM = AXFS8D8E46;
				GENERATE_INFOPLIST_FILE = YES;
				IPHONEOS_DEPLOYMENT_TARGET = 15.5;
				MARKETING_VERSION = 1.0;
				PRODUCT_BUNDLE_IDENTIFIER = com.chuquimianproductions.GovHackTests;
				PRODUCT_NAME = "$(TARGET_NAME)";
				SWIFT_EMIT_LOC_STRINGS = NO;
				SWIFT_VERSION = 5.0;
				TARGETED_DEVICE_FAMILY = "1,2";
				TEST_HOST = "$(BUILT_PRODUCTS_DIR)/GovHack.app/GovHack";
			};
			name = Debug;
		};
		0443713928AFC6130060C4FC /* Release */ = {
			isa = XCBuildConfiguration;
			buildSettings = {
				ALWAYS_EMBED_SWIFT_STANDARD_LIBRARIES = YES;
				BUNDLE_LOADER = "$(TEST_HOST)";
				CODE_SIGN_STYLE = Automatic;
				CURRENT_PROJECT_VERSION = 1;
				DEVELOPMENT_TEAM = AXFS8D8E46;
				GENERATE_INFOPLIST_FILE = YES;
				IPHONEOS_DEPLOYMENT_TARGET = 15.5;
				MARKETING_VERSION = 1.0;
				PRODUCT_BUNDLE_IDENTIFIER = com.chuquimianproductions.GovHackTests;
				PRODUCT_NAME = "$(TARGET_NAME)";
				SWIFT_EMIT_LOC_STRINGS = NO;
				SWIFT_VERSION = 5.0;
				TARGETED_DEVICE_FAMILY = "1,2";
				TEST_HOST = "$(BUILT_PRODUCTS_DIR)/GovHack.app/GovHack";
			};
			name = Release;
		};
		0443713B28AFC6130060C4FC /* Debug */ = {
			isa = XCBuildConfiguration;
			buildSettings = {
				ALWAYS_EMBED_SWIFT_STANDARD_LIBRARIES = YES;
				CODE_SIGN_STYLE = Automatic;
				CURRENT_PROJECT_VERSION = 1;
				DEVELOPMENT_TEAM = AXFS8D8E46;
				GENERATE_INFOPLIST_FILE = YES;
				MARKETING_VERSION = 1.0;
				PRODUCT_BUNDLE_IDENTIFIER = com.chuquimianproductions.GovHackUITests;
				PRODUCT_NAME = "$(TARGET_NAME)";
				SWIFT_EMIT_LOC_STRINGS = NO;
				SWIFT_VERSION = 5.0;
				TARGETED_DEVICE_FAMILY = "1,2";
				TEST_TARGET_NAME = GovHack;
			};
			name = Debug;
		};
		0443713C28AFC6130060C4FC /* Release */ = {
			isa = XCBuildConfiguration;
			buildSettings = {
				ALWAYS_EMBED_SWIFT_STANDARD_LIBRARIES = YES;
				CODE_SIGN_STYLE = Automatic;
				CURRENT_PROJECT_VERSION = 1;
				DEVELOPMENT_TEAM = AXFS8D8E46;
				GENERATE_INFOPLIST_FILE = YES;
				MARKETING_VERSION = 1.0;
				PRODUCT_BUNDLE_IDENTIFIER = com.chuquimianproductions.GovHackUITests;
				PRODUCT_NAME = "$(TARGET_NAME)";
				SWIFT_EMIT_LOC_STRINGS = NO;
				SWIFT_VERSION = 5.0;
				TARGETED_DEVICE_FAMILY = "1,2";
				TEST_TARGET_NAME = GovHack;
			};
			name = Release;
		};
/* End XCBuildConfiguration section */

/* Begin XCConfigurationList section */
		0443710528AFC6120060C4FC /* Build configuration list for PBXProject "GovSmack" */ = {
			isa = XCConfigurationList;
			buildConfigurations = (
				0443713228AFC6130060C4FC /* Debug */,
				0443713328AFC6130060C4FC /* Release */,
			);
			defaultConfigurationIsVisible = 0;
			defaultConfigurationName = Release;
		};
		0443713428AFC6130060C4FC /* Build configuration list for PBXNativeTarget "GovSmack" */ = {
			isa = XCConfigurationList;
			buildConfigurations = (
				0443713528AFC6130060C4FC /* Debug */,
				0443713628AFC6130060C4FC /* Release */,
			);
			defaultConfigurationIsVisible = 0;
			defaultConfigurationName = Release;
		};
		0443713728AFC6130060C4FC /* Build configuration list for PBXNativeTarget "GovHackGovSmacks" */ = {
			isa = XCConfigurationList;
			buildConfigurations = (
				0443713828AFC6130060C4FC /* Debug */,
				0443713928AFC6130060C4FC /* Release */,
			);
			defaultConfigurationIsVisible = 0;
			defaultConfigurationName = Release;
		};
		0443713A28AFC6130060C4FC /* Build configuration list for PBXNativeTarget "GovHackUIGovSmacks" */ = {
			isa = XCConfigurationList;
			buildConfigurations = (
				0443713B28AFC6130060C4FC /* Debug */,
				0443713C28AFC6130060C4FC /* Release */,
			);
			defaultConfigurationIsVisible = 0;
			defaultConfigurationName = Release;
		};
/* End XCConfigurationList section */
	};
	rootObject = 0443710228AFC6120060C4FC /* Project object */;
}
